
Microsoft Visual Studio Solution File, Format Version 12.00
# Visual Studio Version 16
VisualStudioVersion = 16.0.30907.101
MinimumVisualStudioVersion = 10.0.40219.1
Project("{FAE04EC0-301F-11D3-BF4B-00C04F79EFBC}") = "ClassMetotDemo", "ClassMetotDemo\ClassMetotDemo.csproj", "{9A27636A-632F-42C8-9906-A62FF894993A}"
EndProject
Global
	GlobalSection(SolutionConfigurationPlatforms) = preSolution
		Debug|Any CPU = Debug|Any CPU
		Release|Any CPU = Release|Any CPU
	EndGlobalSection
	GlobalSection(ProjectConfigurationPlatforms) = postSolution
		{9A27636A-632F-42C8-9906-A62FF894993A}.Debug|Any CPU.ActiveCfg = Debug|Any CPU
		{9A27636A-632F-42C8-9906-A62FF894993A}.Debug|Any CPU.Build.0 = Debug|Any CPU
		{9A27636A-632F-42C8-9906-A62FF894993A}.Release|Any CPU.ActiveCfg = Release|Any CPU
		{9A27636A-632F-42C8-9906-A62FF894993A}.Release|Any CPU.Build.0 = Release|Any CPU
	EndGlobalSection
	GlobalSection(SolutionProperties) = preSolution
		HideSolutionNode = FALSE
	EndGlobalSection
	GlobalSection(ExtensibilityGlobals) = postSolution
		SolutionGuid = {EDCCCADE-6467-4BC9-9745-E5D757A61832}
	EndGlobalSection
EndGlobal
